
Microsoft Visual Studio Solution File, Format Version 12.00
# Visual Studio Version 17
VisualStudioVersion = 17.8.34511.84
MinimumVisualStudioVersion = 10.0.40219.1
Project("{FAE04EC0-301F-11D3-BF4B-00C04F79EFBC}") = "WebAppProject4", "WebAppProject4\WebAppProject4.csproj", "{8A78A1D9-3BBC-42F7-99D3-17329BA55C3B}"
EndProject
Global
	GlobalSection(SolutionConfigurationPlatforms) = preSolution
		Debug|Any CPU = Debug|Any CPU
		Release|Any CPU = Release|Any CPU
	EndGlobalSection
	GlobalSection(ProjectConfigurationPlatforms) = postSolution
		{8A78A1D9-3BBC-42F7-99D3-17329BA55C3B}.Debug|Any CPU.ActiveCfg = Debug|Any CPU
		{8A78A1D9-3BBC-42F7-99D3-17329BA55C3B}.Debug|Any CPU.Build.0 = Debug|Any CPU
		{8A78A1D9-3BBC-42F7-99D3-17329BA55C3B}.Release|Any CPU.ActiveCfg = Release|Any CPU
		{8A78A1D9-3BBC-42F7-99D3-17329BA55C3B}.Release|Any CPU.Build.0 = Release|Any CPU
	EndGlobalSection
	GlobalSection(SolutionProperties) = preSolution
		HideSolutionNode = FALSE
	EndGlobalSection
	GlobalSection(ExtensibilityGlobals) = postSolution
		SolutionGuid = {5A58E8D0-A571-43A4-8F96-8E92AA4EF67F}
	EndGlobalSection
EndGlobal
